// !$*UTF8*$!
{
	archiveVersion = 1;
	classes = {
	};
	objectVersion = 46;
	objects = {

/* Begin PBXBuildFile section */
		583AE2871E54C8B300B1C275 /* AppDelegate.swift in Sources */ = {isa = PBXBuildFile; fileRef = 583AE2861E54C8B300B1C275 /* AppDelegate.swift */; };
		583AE2891E54C8B300B1C275 /* ViewController.swift in Sources */ = {isa = PBXBuildFile; fileRef = 583AE2881E54C8B300B1C275 /* ViewController.swift */; };
		583AE28C1E54C8B300B1C275 /* Main.storyboard in Resources */ = {isa = PBXBuildFile; fileRef = 583AE28A1E54C8B300B1C275 /* Main.storyboard */; };
		583AE28E1E54C8B300B1C275 /* Assets.xcassets in Resources */ = {isa = PBXBuildFile; fileRef = 583AE28D1E54C8B300B1C275 /* Assets.xcassets */; };
		583AE2911E54C8B300B1C275 /* LaunchScreen.storyboard in Resources */ = {isa = PBXBuildFile; fileRef = 583AE28F1E54C8B300B1C275 /* LaunchScreen.storyboard */; };
/* End PBXBuildFile section */

/* Begin PBXFileReference section */
		583AE2831E54C8B300B1C275 /* SaveKittens.app */ = {isa = PBXFileReference; explicitFileType = wrapper.application; includeInIndex = 0; path = SaveKittens.app; sourceTree = BUILT_PRODUCTS_DIR; };
		583AE2861E54C8B300B1C275 /* AppDelegate.swift */ = {isa = PBXFileReference; lastKnownFileType = sourcecode.swift; path = AppDelegate.swift; sourceTree = "<group>"; };
		583AE2881E54C8B300B1C275 /* ViewController.swift */ = {isa = PBXFileReference; lastKnownFileType = sourcecode.swift; path = ViewController.swift; sourceTree = "<group>"; };
		583AE28B1E54C8B300B1C275 /* Base */ = {isa = PBXFileReference; lastKnownFileType = file.storyboard; name = Base; path = Base.lproj/Main.storyboard; sourceTree = "<group>"; };
		583AE28D1E54C8B300B1C275 /* Assets.xcassets */ = {isa = PBXFileReference; lastKnownFileType = folder.assetcatalog; path = Assets.xcassets; sourceTree = "<group>"; };
		583AE2901E54C8B300B1C275 /* Base */ = {isa = PBXFileReference; lastKnownFileType = file.storyboard; name = Base; path = Base.lproj/LaunchScreen.storyboard; sourceTree = "<group>"; };
		583AE2921E54C8B300B1C275 /* Info.plist */ = {isa = PBXFileReference; lastKnownFileType = text.plist.xml; path = Info.plist; sourceTree = "<group>"; };
/* End PBXFileReference section */

/* Begin PBXFrameworksBuildPhase section */
		583AE2801E54C8B300B1C275 /* Frameworks */ = {
			isa = PBXFrameworksBuildPhase;
			buildActionMask = 2147483647;
			files = (
			);
			runOnlyForDeploymentPostprocessing = 0;
		};
/* End PBXFrameworksBuildPhase section */

/* Begin PBXGroup section */
		583AE27A1E54C8B300B1C275 = {
			isa = PBXGroup;
			children = (
				583AE2851E54C8B300B1C275 /* SaveKittens */,
				583AE2841E54C8B300B1C275 /* Products */,
			);
			sourceTree = "<group>";
		};
		583AE2841E54C8B300B1C275 /* Products */ = {
			isa = PBXGroup;
			children = (
				583AE2831E54C8B300B1C275 /* SaveKittens.app */,
			);
			name = Products;
			sourceTree = "<group>";
		};
		583AE2851E54C8B300B1C275 /* SaveKittens */ = {
			isa = PBXGroup;
			children = (
				583AE2861E54C8B300B1C275 /* AppDelegate.swift */,
				583AE2881E54C8B300B1C275 /* ViewController.swift */,
				583AE28A1E54C8B300B1C275 /* Main.storyboard */,
				583AE28D1E54C8B300B1C275 /* Assets.xcassets */,
				583AE28F1E54C8B300B1C275 /* LaunchScreen.storyboard */,
				583AE2921E54C8B300B1C275 /* Info.plist */,
			);
			path = SaveKittens;
			sourceTree = "<group>";
		};
/* End PBXGroup section */

/* Begin PBXNativeTarget section */
		583AE2821E54C8B300B1C275 /* SaveKittens */ = {
			isa = PBXNativeTarget;
			buildConfigurationList = 583AE2951E54C8B300B1C275 /* Build configuration list for PBXNativeTarget "SaveKittens" */;
			buildPhases = (
				583AE27F1E54C8B300B1C275 /* Sources */,
				583AE2801E54C8B300B1C275 /* Frameworks */,
				583AE2811E54C8B300B1C275 /* Resources */,
			);
			buildRules = (
			);
			dependencies = (
			);
			name = SaveKittens;
			productName = SaveKittens;
			productReference = 583AE2831E54C8B300B1C275 /* SaveKittens.app */;
			productType = "com.apple.product-type.application";
		};
/* End PBXNativeTarget section */

/* Begin PBXProject section */
		583AE27B1E54C8B300B1C275 /* Project object */ = {
			isa = PBXProject;
			attributes = {
				LastSwiftUpdateCheck = 0830;
				LastUpgradeCheck = 0830;
				ORGANIZATIONNAME = "Jason Buhagiar";
				TargetAttributes = {
					583AE2821E54C8B300B1C275 = {
						CreatedOnToolsVersion = 8.3;
						ProvisioningStyle = Automatic;
					};
				};
			};
			buildConfigurationList = 583AE27E1E54C8B300B1C275 /* Build configuration list for PBXProject "SaveKittens" */;
			compatibilityVersion = "Xcode 3.2";
			developmentRegion = English;
			hasScannedForEncodings = 0;
			knownRegions = (
				en,
				Base,
			);
			mainGroup = 583AE27A1E54C8B300B1C275;
			productRefGroup = 583AE2841E54C8B300B1C275 /* Products */;
			projectDirPath = "";
			projectRoot = "";
			targets = (
				583AE2821E54C8B300B1C275 /* SaveKittens */,
			);
		};
/* End PBXProject section */

/* Begin PBXResourcesBuildPhase section */
		583AE2811E54C8B300B1C275 /* Resources */ = {
			isa = PBXResourcesBuildPhase;
			buildActionMask = 2147483647;
			files = (
				583AE2911E54C8B300B1C275 /* LaunchScreen.storyboard in Resources */,
				583AE28E1E54C8B300B1C275 /* Assets.xcassets in Resources */,
				583AE28C1E54C8B300B1C275 /* Main.storyboard in Resources */,
			);
			runOnlyForDeploymentPostprocessing = 0;
		};
/* End PBXResourcesBuildPhase section */

/* Begin PBXSourcesBuildPhase section */
		583AE27F1E54C8B300B1C275 /* Sources */ = {
			isa = PBXSourcesBuildPhase;
			buildActionMask = 2147483647;
			files = (
				583AE2891E54C8B300B1C275 /* ViewController.swift in Sources */,
				583AE2871E54C8B300B1C275 /* AppDelegate.swift in Sources */,
			);
			runOnlyForDeploymentPostprocessing = 0;
		};
/* End PBXSourcesBuildPhase section */

/* Begin PBXVariantGroup section */
		583AE28A1E54C8B300B1C275 /* Main.storyboard */ = {
			isa = PBXVariantGroup;
			children = (
				583AE28B1E54C8B300B1C275 /* Base */,
			);
			name = Main.storyboard;
			sourceTree = "<group>";
		};
		583AE28F1E54C8B300B1C275 /* LaunchScreen.storyboard */ = {
			isa = PBXVariantGroup;
			children = (
				583AE2901E54C8B300B1C275 /* Base */,
			);
			name = LaunchScreen.storyboard;
			sourceTree = "<group>";
		};
/* End PBXVariantGroup section */

/* Begin XCBuildConfiguration section */
		583AE2931E54C8B300B1C275 /* Debug */ = {
			isa = XCBuildConfiguration;
			buildSettings = {
				ALWAYS_SEARCH_USER_PATHS = NO;
				CLANG_ANALYZER_NONNULL = YES;
				CLANG_ANALYZER_NUMBER_OBJECT_CONVERSION = YES_AGGRESSIVE;
				CLANG_CXX_LANGUAGE_STANDARD = "gnu++0x";
				CLANG_CXX_LIBRARY = "libc++";
				CLANG_ENABLE_MODULES = YES;
				CLANG_ENABLE_OBJC_ARC = YES;
				CLANG_WARN_BOOL_CONVERSION = YES;
				CLANG_WARN_CONSTANT_CONVERSION = YES;
				CLANG_WARN_DIRECT_OBJC_ISA_USAGE = YES_ERROR;
				CLANG_WARN_DOCUMENTATION_COMMENTS = YES;
				CLANG_WARN_EMPTY_BODY = YES;
				CLANG_WARN_ENUM_CONVERSION = YES;
				CLANG_WARN_INFINITE_RECURSION = YES;
				CLANG_WARN_INT_CONVERSION = YES;
				CLANG_WARN_OBJC_ROOT_CLASS = YES_ERROR;
				CLANG_WARN_SUSPICIOUS_MOVE = YES;
				CLANG_WARN_UNREACHABLE_CODE = YES;
				CLANG_WARN__DUPLICATE_METHOD_MATCH = YES;
				"CODE_SIGN_IDENTITY[sdk=iphoneos*]" = "iPhone Developer";
				COPY_PHASE_STRIP = NO;
				DEBUG_INFORMATION_FORMAT = dwarf;
				ENABLE_STRICT_OBJC_MSGSEND = YES;
				ENABLE_TESTABILITY = YES;
				GCC_C_LANGUAGE_STANDARD = gnu99;
				GCC_DYNAMIC_NO_PIC = NO;
				GCC_NO_COMMON_BLOCKS = YES;
				GCC_OPTIMIZATION_LEVEL = 0;
				GCC_PREPROCESSOR_DEFINITIONS = (
					"DEBUG=1",
					"$(inherited)",
				);
				GCC_WARN_64_TO_32_BIT_CONVERSION = YES;
				GCC_WARN_ABOUT_RETURN_TYPE = YES_ERROR;
				GCC_WARN_UNDECLARED_SELECTOR = YES;
				GCC_WARN_UNINITIALIZED_AUTOS = YES_AGGRESSIVE;
				GCC_WARN_UNUSED_FUNCTION = YES;
				GCC_WARN_UNUSED_VARIABLE = YES;
				IPHONEOS_DEPLOYMENT_TARGET = 10.3;
				MTL_ENABLE_DEBUG_INFO = YES;
				ONLY_ACTIVE_ARCH = YES;
				SDKROOT = iphoneos;
				SWIFT_ACTIVE_COMPILATION_CONDITIONS = DEBUG;
				SWIFT_OPTIMIZATION_LEVEL = "-Onone";
				TARGETED_DEVICE_FAMILY = "1,2";
			};
			name = Debug;
		};
		583AE2941E54C8B300B1C275 /* Release */ = {
			isa = XCBuildConfiguration;
			buildSettings = {
				ALWAYS_SEARCH_USER_PATHS = NO;
				CLANG_ANALYZER_NONNULL = YES;
				CLANG_ANALYZER_NUMBER_OBJECT_CONVERSION = YES_AGGRESSIVE;
				CLANG_CXX_LANGUAGE_STANDARD = "gnu++0x";
				CLANG_CXX_LIBRARY = "libc++";
				CLANG_ENABLE_MODULES = YES;
				CLANG_ENABLE_OBJC_ARC = YES;
				CLANG_WARN_BOOL_CONVERSION = YES;
				CLANG_WARN_CONSTANT_CONVERSION = YES;
				CLANG_WARN_DIRECT_OBJC_ISA_USAGE = YES_ERROR;
				CLANG_WARN_DOCUMENTATION_COMMENTS = YES;
				CLANG_WARN_EMPTY_BODY = YES;
				CLANG_WARN_ENUM_CONVERSION = YES;
				CLANG_WARN_INFINITE_RECURSION = YES;
				CLANG_WARN_INT_CONVERSION = YES;
				CLANG_WARN_OBJC_ROOT_CLASS = YES_ERROR;
				CLANG_WARN_SUSPICIOUS_MOVE = YES;
				CLANG_WARN_UNREACHABLE_CODE = YES;
				CLANG_WARN__DUPLICATE_METHOD_MATCH = YES;
				"CODE_SIGN_IDENTITY[sdk=iphoneos*]" = "iPhone Developer";
				COPY_PHASE_STRIP = NO;
				DEBUG_INFORMATION_FORMAT = "dwarf-with-dsym";
				ENABLE_NS_ASSERTIONS = NO;
				ENABLE_STRICT_OBJC_MSGSEND = YES;
				GCC_C_LANGUAGE_STANDARD = gnu99;
				GCC_NO_COMMON_BLOCKS = YES;
				GCC_WARN_64_TO_32_BIT_CONVERSION = YES;
				GCC_WARN_ABOUT_RETURN_TYPE = YES_ERROR;
				GCC_WARN_UNDECLARED_SELECTOR = YES;
				GCC_WARN_UNINITIALIZED_AUTOS = YES_AGGRESSIVE;
				GCC_WARN_UNUSED_FUNCTION = YES;
				GCC_WARN_UNUSED_VARIABLE = YES;
				IPHONEOS_DEPLOYMENT_TARGET = 10.3;
				MTL_ENABLE_DEBUG_INFO = NO;
				SDKROOT = iphoneos;
				SWIFT_OPTIMIZATION_LEVEL = "-Owholemodule";
				TARGETED_DEVICE_FAMILY = "1,2";
				VALIDATE_PRODUCT = YES;
			};
			name = Release;
		};
		583AE2961E54C8B300B1C275 /* Debug */ = {
			isa = XCBuildConfiguration;
			buildSettings = {
				ASSETCATALOG_COMPILER_APPICON_NAME = AppIcon;
				INFOPLIST_FILE = SaveKittens/Info.plist;
				LD_RUNPATH_SEARCH_PATHS = "$(inherited) @executable_path/Frameworks";
				PRODUCT_BUNDLE_IDENTIFIER = Jasebuha.SaveKittens;
				PRODUCT_NAME = "$(TARGET_NAME)";
				SWIFT_VERSION = 3.0;
			};
			name = Debug;
		};
		583AE2971E54C8B300B1C275 /* Release */ = {
			isa = XCBuildConfiguration;
			buildSettings = {
				ASSETCATALOG_COMPILER_APPICON_NAME = AppIcon;
				INFOPLIST_FILE = SaveKittens/Info.plist;
				LD_RUNPATH_SEARCH_PATHS = "$(inherited) @executable_path/Frameworks";
				PRODUCT_BUNDLE_IDENTIFIER = Jasebuha.SaveKittens;
				PRODUCT_NAME = "$(TARGET_NAME)";
				SWIFT_VERSION = 3.0;
			};
			name = Release;
		};
/* End XCBuildConfiguration section */

/* Begin XCConfigurationList section */
		583AE27E1E54C8B300B1C275 /* Build configuration list for PBXProject "SaveKittens" */ = {
			isa = XCConfigurationList;
			buildConfigurations = (
				583AE2931E54C8B300B1C275 /* Debug */,
				583AE2941E54C8B300B1C275 /* Release */,
			);
			defaultConfigurationIsVisible = 0;
			defaultConfigurationName = Release;
		};
		583AE2951E54C8B300B1C275 /* Build configuration list for PBXNativeTarget "SaveKittens" */ = {
			isa = XCConfigurationList;
			buildConfigurations = (
				583AE2961E54C8B300B1C275 /* Debug */,
				583AE2971E54C8B300B1C275 /* Release */,
			);
			defaultConfigurationIsVisible = 0;
		};
/* End XCConfigurationList section */
	};
	rootObject = 583AE27B1E54C8B300B1C275 /* Project object */;
}
